// !$*UTF8*$!
{
	archiveVersion = 1;
	classes = {
	};
	objectVersion = 51;
	objects = {

/* Begin PBXBuildFile section */
		30F3706516C1946B7F8685AA /* Pods_calBuGece.framework in Frameworks */ = {isa = PBXBuildFile; fileRef = 2B57B7A5FB2C3B63592D0817 /* Pods_calBuGece.framework */; };
		71036F52247D4BA1007226EE /* GizlilikViewController.swift in Sources */ = {isa = PBXBuildFile; fileRef = 71036F51247D4BA1007226EE /* GizlilikViewController.swift */; };
		71036F54247D50EB007226EE /* SifremiUnuttumViewController.swift in Sources */ = {isa = PBXBuildFile; fileRef = 71036F53247D50EB007226EE /* SifremiUnuttumViewController.swift */; };
		71036F56247D78CA007226EE /* PeopleViewController.swift in Sources */ = {isa = PBXBuildFile; fileRef = 71036F55247D78CA007226EE /* PeopleViewController.swift */; };
		71036F59247D7A22007226EE /* PlaylistTableViewCell.swift in Sources */ = {isa = PBXBuildFile; fileRef = 71036F57247D7A22007226EE /* PlaylistTableViewCell.swift */; };
		71036F5A247D7A22007226EE /* PlaylistTableViewCell.xib in Resources */ = {isa = PBXBuildFile; fileRef = 71036F58247D7A22007226EE /* PlaylistTableViewCell.xib */; };
		71036F5C247D7DC2007226EE /* HomeViewController.swift in Sources */ = {isa = PBXBuildFile; fileRef = 71036F5B247D7DC2007226EE /* HomeViewController.swift */; };
		71036F5E247D7DCF007226EE /* PlaylistViewController.swift in Sources */ = {isa = PBXBuildFile; fileRef = 71036F5D247D7DCF007226EE /* PlaylistViewController.swift */; };
		71036F60247D8A3C007226EE /* TabBarViewController.swift in Sources */ = {isa = PBXBuildFile; fileRef = 71036F5F247D8A3C007226EE /* TabBarViewController.swift */; };
		71170600247C076F0010BA50 /* AppDelegate.swift in Sources */ = {isa = PBXBuildFile; fileRef = 711705FF247C076F0010BA50 /* AppDelegate.swift */; };
		71170602247C076F0010BA50 /* SceneDelegate.swift in Sources */ = {isa = PBXBuildFile; fileRef = 71170601247C076F0010BA50 /* SceneDelegate.swift */; };
		71170604247C076F0010BA50 /* ViewController.swift in Sources */ = {isa = PBXBuildFile; fileRef = 71170603247C076F0010BA50 /* ViewController.swift */; };
		71170607247C076F0010BA50 /* Main.storyboard in Resources */ = {isa = PBXBuildFile; fileRef = 71170605247C076F0010BA50 /* Main.storyboard */; };
		71170609247C07720010BA50 /* Assets.xcassets in Resources */ = {isa = PBXBuildFile; fileRef = 71170608247C07720010BA50 /* Assets.xcassets */; };
		7117060C247C07720010BA50 /* LaunchScreen.storyboard in Resources */ = {isa = PBXBuildFile; fileRef = 7117060A247C07720010BA50 /* LaunchScreen.storyboard */; };
		7145C74A247C33940004F88D /* GirisViewController.swift in Sources */ = {isa = PBXBuildFile; fileRef = 7145C749247C33940004F88D /* GirisViewController.swift */; };
		7145C74C247C34F20004F88D /* UyeOlViewController.swift in Sources */ = {isa = PBXBuildFile; fileRef = 7145C74B247C34F20004F88D /* UyeOlViewController.swift */; };
		7145C74E247C51CC0004F88D /* UIViewController.swift in Sources */ = {isa = PBXBuildFile; fileRef = 7145C74D247C51CC0004F88D /* UIViewController.swift */; };
		7145C771247C78530004F88D /* UyeOlDevamViewController.swift in Sources */ = {isa = PBXBuildFile; fileRef = 7145C770247C78530004F88D /* UyeOlDevamViewController.swift */; };
/* End PBXBuildFile section */

/* Begin PBXFileReference section */
		2B57B7A5FB2C3B63592D0817 /* Pods_calBuGece.framework */ = {isa = PBXFileReference; explicitFileType = wrapper.framework; includeInIndex = 0; path = Pods_calBuGece.framework; sourceTree = BUILT_PRODUCTS_DIR; };
		58A5460F9CED51ED5701E899 /* Pods-calBuGece.release.xcconfig */ = {isa = PBXFileReference; includeInIndex = 1; lastKnownFileType = text.xcconfig; name = "Pods-calBuGece.release.xcconfig"; path = "Target Support Files/Pods-calBuGece/Pods-calBuGece.release.xcconfig"; sourceTree = "<group>"; };
		71036F51247D4BA1007226EE /* GizlilikViewController.swift */ = {isa = PBXFileReference; lastKnownFileType = sourcecode.swift; path = GizlilikViewController.swift; sourceTree = "<group>"; };
		71036F53247D50EB007226EE /* SifremiUnuttumViewController.swift */ = {isa = PBXFileReference; lastKnownFileType = sourcecode.swift; path = SifremiUnuttumViewController.swift; sourceTree = "<group>"; };
		71036F55247D78CA007226EE /* PeopleViewController.swift */ = {isa = PBXFileReference; lastKnownFileType = sourcecode.swift; path = PeopleViewController.swift; sourceTree = "<group>"; };
		71036F57247D7A22007226EE /* PlaylistTableViewCell.swift */ = {isa = PBXFileReference; lastKnownFileType = sourcecode.swift; path = PlaylistTableViewCell.swift; sourceTree = "<group>"; };
		71036F58247D7A22007226EE /* PlaylistTableViewCell.xib */ = {isa = PBXFileReference; lastKnownFileType = file.xib; path = PlaylistTableViewCell.xib; sourceTree = "<group>"; };
		71036F5B247D7DC2007226EE /* HomeViewController.swift */ = {isa = PBXFileReference; lastKnownFileType = sourcecode.swift; path = HomeViewController.swift; sourceTree = "<group>"; };
		71036F5D247D7DCF007226EE /* PlaylistViewController.swift */ = {isa = PBXFileReference; lastKnownFileType = sourcecode.swift; path = PlaylistViewController.swift; sourceTree = "<group>"; };
		71036F5F247D8A3C007226EE /* TabBarViewController.swift */ = {isa = PBXFileReference; lastKnownFileType = sourcecode.swift; path = TabBarViewController.swift; sourceTree = "<group>"; };
		711705FC247C076F0010BA50 /* calBuGece.app */ = {isa = PBXFileReference; explicitFileType = wrapper.application; includeInIndex = 0; path = calBuGece.app; sourceTree = BUILT_PRODUCTS_DIR; };
		711705FF247C076F0010BA50 /* AppDelegate.swift */ = {isa = PBXFileReference; lastKnownFileType = sourcecode.swift; path = AppDelegate.swift; sourceTree = "<group>"; };
		71170601247C076F0010BA50 /* SceneDelegate.swift */ = {isa = PBXFileReference; lastKnownFileType = sourcecode.swift; path = SceneDelegate.swift; sourceTree = "<group>"; };
		71170603247C076F0010BA50 /* ViewController.swift */ = {isa = PBXFileReference; lastKnownFileType = sourcecode.swift; path = ViewController.swift; sourceTree = "<group>"; };
		71170606247C076F0010BA50 /* Base */ = {isa = PBXFileReference; lastKnownFileType = file.storyboard; name = Base; path = Base.lproj/Main.storyboard; sourceTree = "<group>"; };
		71170608247C07720010BA50 /* Assets.xcassets */ = {isa = PBXFileReference; lastKnownFileType = folder.assetcatalog; path = Assets.xcassets; sourceTree = "<group>"; };
		7117060B247C07720010BA50 /* Base */ = {isa = PBXFileReference; lastKnownFileType = file.storyboard; name = Base; path = Base.lproj/LaunchScreen.storyboard; sourceTree = "<group>"; };
		7117060D247C07720010BA50 /* Info.plist */ = {isa = PBXFileReference; lastKnownFileType = text.plist.xml; path = Info.plist; sourceTree = "<group>"; };
		7145C749247C33940004F88D /* GirisViewController.swift */ = {isa = PBXFileReference; lastKnownFileType = sourcecode.swift; path = GirisViewController.swift; sourceTree = "<group>"; };
		7145C74B247C34F20004F88D /* UyeOlViewController.swift */ = {isa = PBXFileReference; lastKnownFileType = sourcecode.swift; path = UyeOlViewController.swift; sourceTree = "<group>"; };
		7145C74D247C51CC0004F88D /* UIViewController.swift */ = {isa = PBXFileReference; lastKnownFileType = sourcecode.swift; path = UIViewController.swift; sourceTree = "<group>"; };
		7145C770247C78530004F88D /* UyeOlDevamViewController.swift */ = {isa = PBXFileReference; lastKnownFileType = sourcecode.swift; path = UyeOlDevamViewController.swift; sourceTree = "<group>"; };
		941C5ADC894E1DB68460FF41 /* Pods-calBuGece.debug.xcconfig */ = {isa = PBXFileReference; includeInIndex = 1; lastKnownFileType = text.xcconfig; name = "Pods-calBuGece.debug.xcconfig"; path = "Target Support Files/Pods-calBuGece/Pods-calBuGece.debug.xcconfig"; sourceTree = "<group>"; };
/* End PBXFileReference section */

/* Begin PBXFrameworksBuildPhase section */
		711705F9247C076F0010BA50 /* Frameworks */ = {
			isa = PBXFrameworksBuildPhase;
			buildActionMask = 2147483647;
			files = (
				30F3706516C1946B7F8685AA /* Pods_calBuGece.framework in Frameworks */,
			);
			runOnlyForDeploymentPostprocessing = 0;
		};
/* End PBXFrameworksBuildPhase section */

/* Begin PBXGroup section */
		411FFA1F86DA14DC37AAE669 /* Pods */ = {
			isa = PBXGroup;
			children = (
				941C5ADC894E1DB68460FF41 /* Pods-calBuGece.debug.xcconfig */,
				58A5460F9CED51ED5701E899 /* Pods-calBuGece.release.xcconfig */,
			);
			path = Pods;
			sourceTree = "<group>";
		};
		711705F3247C076F0010BA50 = {
			isa = PBXGroup;
			children = (
				711705FE247C076F0010BA50 /* calBuGece */,
				711705FD247C076F0010BA50 /* Products */,
				411FFA1F86DA14DC37AAE669 /* Pods */,
				CB80F80309BB49BEFBEEB0E8 /* Frameworks */,
			);
			sourceTree = "<group>";
		};
		711705FD247C076F0010BA50 /* Products */ = {
			isa = PBXGroup;
			children = (
				711705FC247C076F0010BA50 /* calBuGece.app */,
			);
			name = Products;
			sourceTree = "<group>";
		};
		711705FE247C076F0010BA50 /* calBuGece */ = {
			isa = PBXGroup;
			children = (
				711705FF247C076F0010BA50 /* AppDelegate.swift */,
				71170601247C076F0010BA50 /* SceneDelegate.swift */,
				7145C74F247C51FE0004F88D /* Controllers */,
				71170605247C076F0010BA50 /* Main.storyboard */,
				71170608247C07720010BA50 /* Assets.xcassets */,
				7117060A247C07720010BA50 /* LaunchScreen.storyboard */,
				7117060D247C07720010BA50 /* Info.plist */,
				7145C74D247C51CC0004F88D /* UIViewController.swift */,
				71036F57247D7A22007226EE /* PlaylistTableViewCell.swift */,
				71036F58247D7A22007226EE /* PlaylistTableViewCell.xib */,
			);
			path = calBuGece;
			sourceTree = "<group>";
		};
		7145C74F247C51FE0004F88D /* Controllers */ = {
			isa = PBXGroup;
			children = (
				71170603247C076F0010BA50 /* ViewController.swift */,
				7145C749247C33940004F88D /* GirisViewController.swift */,
				7145C74B247C34F20004F88D /* UyeOlViewController.swift */,
				7145C770247C78530004F88D /* UyeOlDevamViewController.swift */,
				71036F51247D4BA1007226EE /* GizlilikViewController.swift */,
				71036F53247D50EB007226EE /* SifremiUnuttumViewController.swift */,
				71036F55247D78CA007226EE /* PeopleViewController.swift */,
				71036F5B247D7DC2007226EE /* HomeViewController.swift */,
				71036F5D247D7DCF007226EE /* PlaylistViewController.swift */,
				71036F5F247D8A3C007226EE /* TabBarViewController.swift */,
			);
			path = Controllers;
			sourceTree = "<group>";
		};
		CB80F80309BB49BEFBEEB0E8 /* Frameworks */ = {
			isa = PBXGroup;
			children = (
				2B57B7A5FB2C3B63592D0817 /* Pods_calBuGece.framework */,
			);
			name = Frameworks;
			sourceTree = "<group>";
		};
/* End PBXGroup section */

/* Begin PBXNativeTarget section */
		711705FB247C076F0010BA50 /* calBuGece */ = {
			isa = PBXNativeTarget;
			buildConfigurationList = 71170610247C07720010BA50 /* Build configuration list for PBXNativeTarget "calBuGece" */;
			buildPhases = (
				FB243E0DA48CC7610AFD6045 /* [CP] Check Pods Manifest.lock */,
				711705F8247C076F0010BA50 /* Sources */,
				711705F9247C076F0010BA50 /* Frameworks */,
				711705FA247C076F0010BA50 /* Resources */,
				320BFC6E06CCACB0742EEB9D /* [CP] Embed Pods Frameworks */,
			);
			buildRules = (
			);
			dependencies = (
			);
			name = calBuGece;
			productName = calBuGece;
			productReference = 711705FC247C076F0010BA50 /* calBuGece.app */;
			productType = "com.apple.product-type.application";
		};
/* End PBXNativeTarget section */

/* Begin PBXProject section */
		711705F4247C076F0010BA50 /* Project object */ = {
			isa = PBXProject;
			attributes = {
				LastSwiftUpdateCheck = 1140;
				LastUpgradeCheck = 1140;
				ORGANIZATIONNAME = "Beril Doğuç";
				TargetAttributes = {
					711705FB247C076F0010BA50 = {
						CreatedOnToolsVersion = 11.4.1;
					};
				};
			};
			buildConfigurationList = 711705F7247C076F0010BA50 /* Build configuration list for PBXProject "calBuGece" */;
			compatibilityVersion = "Xcode 9.3";
			developmentRegion = en;
			hasScannedForEncodings = 0;
			knownRegions = (
				en,
				Base,
			);
			mainGroup = 711705F3247C076F0010BA50;
			productRefGroup = 711705FD247C076F0010BA50 /* Products */;
			projectDirPath = "";
			projectRoot = "";
			targets = (
				711705FB247C076F0010BA50 /* calBuGece */,
			);
		};
/* End PBXProject section */

/* Begin PBXResourcesBuildPhase section */
		711705FA247C076F0010BA50 /* Resources */ = {
			isa = PBXResourcesBuildPhase;
			buildActionMask = 2147483647;
			files = (
				7117060C247C07720010BA50 /* LaunchScreen.storyboard in Resources */,
				71170609247C07720010BA50 /* Assets.xcassets in Resources */,
				71170607247C076F0010BA50 /* Main.storyboard in Resources */,
				71036F5A247D7A22007226EE /* PlaylistTableViewCell.xib in Resources */,
			);
			runOnlyForDeploymentPostprocessing = 0;
		};
/* End PBXResourcesBuildPhase section */

/* Begin PBXShellScriptBuildPhase section */
		320BFC6E06CCACB0742EEB9D /* [CP] Embed Pods Frameworks */ = {
			isa = PBXShellScriptBuildPhase;
			buildActionMask = 2147483647;
			files = (
			);
			inputFileListPaths = (
				"${PODS_ROOT}/Target Support Files/Pods-calBuGece/Pods-calBuGece-frameworks-${CONFIGURATION}-input-files.xcfilelist",
			);
			name = "[CP] Embed Pods Frameworks";
			outputFileListPaths = (
				"${PODS_ROOT}/Target Support Files/Pods-calBuGece/Pods-calBuGece-frameworks-${CONFIGURATION}-output-files.xcfilelist",
			);
			runOnlyForDeploymentPostprocessing = 0;
			shellPath = /bin/sh;
			shellScript = "\"${PODS_ROOT}/Target Support Files/Pods-calBuGece/Pods-calBuGece-frameworks.sh\"\n";
			showEnvVarsInLog = 0;
		};
		FB243E0DA48CC7610AFD6045 /* [CP] Check Pods Manifest.lock */ = {
			isa = PBXShellScriptBuildPhase;
			buildActionMask = 2147483647;
			files = (
			);
			inputFileListPaths = (
			);
			inputPaths = (
				"${PODS_PODFILE_DIR_PATH}/Podfile.lock",
				"${PODS_ROOT}/Manifest.lock",
			);
			name = "[CP] Check Pods Manifest.lock";
			outputFileListPaths = (
			);
			outputPaths = (
				"$(DERIVED_FILE_DIR)/Pods-calBuGece-checkManifestLockResult.txt",
			);
			runOnlyForDeploymentPostprocessing = 0;
			shellPath = /bin/sh;
			shellScript = "diff \"${PODS_PODFILE_DIR_PATH}/Podfile.lock\" \"${PODS_ROOT}/Manifest.lock\" > /dev/null\nif [ $? != 0 ] ; then\n    # print error to STDERR\n    echo \"error: The sandbox is not in sync with the Podfile.lock. Run 'pod install' or update your CocoaPods installation.\" >&2\n    exit 1\nfi\n# This output is used by Xcode 'outputs' to avoid re-running this script phase.\necho \"SUCCESS\" > \"${SCRIPT_OUTPUT_FILE_0}\"\n";
			showEnvVarsInLog = 0;
		};
/* End PBXShellScriptBuildPhase section */

/* Begin PBXSourcesBuildPhase section */
		711705F8247C076F0010BA50 /* Sources */ = {
			isa = PBXSourcesBuildPhase;
			buildActionMask = 2147483647;
			files = (
				71036F54247D50EB007226EE /* SifremiUnuttumViewController.swift in Sources */,
				7145C74C247C34F20004F88D /* UyeOlViewController.swift in Sources */,
				71036F59247D7A22007226EE /* PlaylistTableViewCell.swift in Sources */,
				71170604247C076F0010BA50 /* ViewController.swift in Sources */,
				71036F60247D8A3C007226EE /* TabBarViewController.swift in Sources */,
				71036F5E247D7DCF007226EE /* PlaylistViewController.swift in Sources */,
				7145C74E247C51CC0004F88D /* UIViewController.swift in Sources */,
				7145C74A247C33940004F88D /* GirisViewController.swift in Sources */,
				71036F56247D78CA007226EE /* PeopleViewController.swift in Sources */,
				7145C771247C78530004F88D /* UyeOlDevamViewController.swift in Sources */,
				71036F52247D4BA1007226EE /* GizlilikViewController.swift in Sources */,
				71170600247C076F0010BA50 /* AppDelegate.swift in Sources */,
				71170602247C076F0010BA50 /* SceneDelegate.swift in Sources */,
				71036F5C247D7DC2007226EE /* HomeViewController.swift in Sources */,
			);
			runOnlyForDeploymentPostprocessing = 0;
		};
/* End PBXSourcesBuildPhase section */

/* Begin PBXVariantGroup section */
		71170605247C076F0010BA50 /* Main.storyboard */ = {
			isa = PBXVariantGroup;
			children = (
				71170606247C076F0010BA50 /* Base */,
			);
			name = Main.storyboard;
			sourceTree = "<group>";
		};
		7117060A247C07720010BA50 /* LaunchScreen.storyboard */ = {
			isa = PBXVariantGroup;
			children = (
				7117060B247C07720010BA50 /* Base */,
			);
			name = LaunchScreen.storyboard;
			sourceTree = "<group>";
		};
/* End PBXVariantGroup section */

/* Begin XCBuildConfiguration section */
		7117060E247C07720010BA50 /* Debug */ = {
			isa = XCBuildConfiguration;
			buildSettings = {
				ALWAYS_SEARCH_USER_PATHS = NO;
				CLANG_ANALYZER_NONNULL = YES;
				CLANG_ANALYZER_NUMBER_OBJECT_CONVERSION = YES_AGGRESSIVE;
				CLANG_CXX_LANGUAGE_STANDARD = "gnu++14";
				CLANG_CXX_LIBRARY = "libc++";
				CLANG_ENABLE_MODULES = YES;
				CLANG_ENABLE_OBJC_ARC = YES;
				CLANG_ENABLE_OBJC_WEAK = YES;
				CLANG_WARN_BLOCK_CAPTURE_AUTORELEASING = YES;
				CLANG_WARN_BOOL_CONVERSION = YES;
				CLANG_WARN_COMMA = YES;
				CLANG_WARN_CONSTANT_CONVERSION = YES;
				CLANG_WARN_DEPRECATED_OBJC_IMPLEMENTATIONS = YES;
				CLANG_WARN_DIRECT_OBJC_ISA_USAGE = YES_ERROR;
				CLANG_WARN_DOCUMENTATION_COMMENTS = YES;
				CLANG_WARN_EMPTY_BODY = YES;
				CLANG_WARN_ENUM_CONVERSION = YES;
				CLANG_WARN_INFINITE_RECURSION = YES;
				CLANG_WARN_INT_CONVERSION = YES;
				CLANG_WARN_NON_LITERAL_NULL_CONVERSION = YES;
				CLANG_WARN_OBJC_IMPLICIT_RETAIN_SELF = YES;
				CLANG_WARN_OBJC_LITERAL_CONVERSION = YES;
				CLANG_WARN_OBJC_ROOT_CLASS = YES_ERROR;
				CLANG_WARN_RANGE_LOOP_ANALYSIS = YES;
				CLANG_WARN_STRICT_PROTOTYPES = YES;
				CLANG_WARN_SUSPICIOUS_MOVE = YES;
				CLANG_WARN_UNGUARDED_AVAILABILITY = YES_AGGRESSIVE;
				CLANG_WARN_UNREACHABLE_CODE = YES;
				CLANG_WARN__DUPLICATE_METHOD_MATCH = YES;
				COPY_PHASE_STRIP = NO;
				DEBUG_INFORMATION_FORMAT = dwarf;
				ENABLE_STRICT_OBJC_MSGSEND = YES;
				ENABLE_TESTABILITY = YES;
				GCC_C_LANGUAGE_STANDARD = gnu11;
				GCC_DYNAMIC_NO_PIC = NO;
				GCC_NO_COMMON_BLOCKS = YES;
				GCC_OPTIMIZATION_LEVEL = 0;
				GCC_PREPROCESSOR_DEFINITIONS = (
					"DEBUG=1",
					"$(inherited)",
				);
				GCC_WARN_64_TO_32_BIT_CONVERSION = YES;
				GCC_WARN_ABOUT_RETURN_TYPE = YES_ERROR;
				GCC_WARN_UNDECLARED_SELECTOR = YES;
				GCC_WARN_UNINITIALIZED_AUTOS = YES_AGGRESSIVE;
				GCC_WARN_UNUSED_FUNCTION = YES;
				GCC_WARN_UNUSED_VARIABLE = YES;
				IPHONEOS_DEPLOYMENT_TARGET = 13.4;
				MTL_ENABLE_DEBUG_INFO = INCLUDE_SOURCE;
				MTL_FAST_MATH = YES;
				ONLY_ACTIVE_ARCH = YES;
				SDKROOT = iphoneos;
				SWIFT_ACTIVE_COMPILATION_CONDITIONS = DEBUG;
				SWIFT_OPTIMIZATION_LEVEL = "-Onone";
			};
			name = Debug;
		};
		7117060F247C07720010BA50 /* Release */ = {
			isa = XCBuildConfiguration;
			buildSettings = {
				ALWAYS_SEARCH_USER_PATHS = NO;
				CLANG_ANALYZER_NONNULL = YES;
				CLANG_ANALYZER_NUMBER_OBJECT_CONVERSION = YES_AGGRESSIVE;
				CLANG_CXX_LANGUAGE_STANDARD = "gnu++14";
				CLANG_CXX_LIBRARY = "libc++";
				CLANG_ENABLE_MODULES = YES;
				CLANG_ENABLE_OBJC_ARC = YES;
				CLANG_ENABLE_OBJC_WEAK = YES;
				CLANG_WARN_BLOCK_CAPTURE_AUTORELEASING = YES;
				CLANG_WARN_BOOL_CONVERSION = YES;
				CLANG_WARN_COMMA = YES;
				CLANG_WARN_CONSTANT_CONVERSION = YES;
				CLANG_WARN_DEPRECATED_OBJC_IMPLEMENTATIONS = YES;
				CLANG_WARN_DIRECT_OBJC_ISA_USAGE = YES_ERROR;
				CLANG_WARN_DOCUMENTATION_COMMENTS = YES;
				CLANG_WARN_EMPTY_BODY = YES;
				CLANG_WARN_ENUM_CONVERSION = YES;
				CLANG_WARN_INFINITE_RECURSION = YES;
				CLANG_WARN_INT_CONVERSION = YES;
				CLANG_WARN_NON_LITERAL_NULL_CONVERSION = YES;
				CLANG_WARN_OBJC_IMPLICIT_RETAIN_SELF = YES;
				CLANG_WARN_OBJC_LITERAL_CONVERSION = YES;
				CLANG_WARN_OBJC_ROOT_CLASS = YES_ERROR;
				CLANG_WARN_RANGE_LOOP_ANALYSIS = YES;
				CLANG_WARN_STRICT_PROTOTYPES = YES;
				CLANG_WARN_SUSPICIOUS_MOVE = YES;
				CLANG_WARN_UNGUARDED_AVAILABILITY = YES_AGGRESSIVE;
				CLANG_WARN_UNREACHABLE_CODE = YES;
				CLANG_WARN__DUPLICATE_METHOD_MATCH = YES;
				COPY_PHASE_STRIP = NO;
				DEBUG_INFORMATION_FORMAT = "dwarf-with-dsym";
				ENABLE_NS_ASSERTIONS = NO;
				ENABLE_STRICT_OBJC_MSGSEND = YES;
				GCC_C_LANGUAGE_STANDARD = gnu11;
				GCC_NO_COMMON_BLOCKS = YES;
				GCC_WARN_64_TO_32_BIT_CONVERSION = YES;
				GCC_WARN_ABOUT_RETURN_TYPE = YES_ERROR;
				GCC_WARN_UNDECLARED_SELECTOR = YES;
				GCC_WARN_UNINITIALIZED_AUTOS = YES_AGGRESSIVE;
				GCC_WARN_UNUSED_FUNCTION = YES;
				GCC_WARN_UNUSED_VARIABLE = YES;
				IPHONEOS_DEPLOYMENT_TARGET = 13.4;
				MTL_ENABLE_DEBUG_INFO = NO;
				MTL_FAST_MATH = YES;
				SDKROOT = iphoneos;
				SWIFT_COMPILATION_MODE = wholemodule;
				SWIFT_OPTIMIZATION_LEVEL = "-O";
				VALIDATE_PRODUCT = YES;
			};
			name = Release;
		};
		71170611247C07720010BA50 /* Debug */ = {
			isa = XCBuildConfiguration;
			baseConfigurationReference = 941C5ADC894E1DB68460FF41 /* Pods-calBuGece.debug.xcconfig */;
			buildSettings = {
				ASSETCATALOG_COMPILER_APPICON_NAME = AppIcon;
				CODE_SIGN_STYLE = Automatic;
				DEVELOPMENT_TEAM = KN97WCCR39;
				INFOPLIST_FILE = calBuGece/Info.plist;
				LD_RUNPATH_SEARCH_PATHS = (
					"$(inherited)",
					"@executable_path/Frameworks",
				);
				PRODUCT_BUNDLE_IDENTIFIER = com.berildoguc.calBuGece;
				PRODUCT_NAME = "$(TARGET_NAME)";
				SWIFT_VERSION = 5.0;
				TARGETED_DEVICE_FAMILY = "1,2";
			};
			name = Debug;
		};
		71170612247C07720010BA50 /* Release */ = {
			isa = XCBuildConfiguration;
			baseConfigurationReference = 58A5460F9CED51ED5701E899 /* Pods-calBuGece.release.xcconfig */;
			buildSettings = {
				ASSETCATALOG_COMPILER_APPICON_NAME = AppIcon;
				CODE_SIGN_STYLE = Automatic;
				DEVELOPMENT_TEAM = KN97WCCR39;
				INFOPLIST_FILE = calBuGece/Info.plist;
				LD_RUNPATH_SEARCH_PATHS = (
					"$(inherited)",
					"@executable_path/Frameworks",
				);
				PRODUCT_BUNDLE_IDENTIFIER = com.berildoguc.calBuGece;
				PRODUCT_NAME = "$(TARGET_NAME)";
				SWIFT_VERSION = 5.0;
				TARGETED_DEVICE_FAMILY = "1,2";
			};
			name = Release;
		};
/* End XCBuildConfiguration section */

/* Begin XCConfigurationList section */
		711705F7247C076F0010BA50 /* Build configuration list for PBXProject "calBuGece" */ = {
			isa = XCConfigurationList;
			buildConfigurations = (
				7117060E247C07720010BA50 /* Debug */,
				7117060F247C07720010BA50 /* Release */,
			);
			defaultConfigurationIsVisible = 0;
			defaultConfigurationName = Release;
		};
		71170610247C07720010BA50 /* Build configuration list for PBXNativeTarget "calBuGece" */ = {
			isa = XCConfigurationList;
			buildConfigurations = (
				71170611247C07720010BA50 /* Debug */,
				71170612247C07720010BA50 /* Release */,
			);
			defaultConfigurationIsVisible = 0;
			defaultConfigurationName = Release;
		};
/* End XCConfigurationList section */
	};
	rootObject = 711705F4247C076F0010BA50 /* Project object */;
}
